
Microsoft Visual Studio Solution File, Format Version 12.00
# Visual Studio Version 17
VisualStudioVersion = 17.0.31903.59
MinimumVisualStudioVersion = 10.0.40219.1
Project("{FAE04EC0-301F-11D3-BF4B-00C04F79EFBC}") = "FirstDevOps.API", "FirstDevOps.API\FirstDevOps.API.csproj", "{835ED923-EB9F-4113-8AE6-957CC8B935CE}"
EndProject
Project("{FAE04EC0-301F-11D3-BF4B-00C04F79EFBC}") = "FirstDevOps.UnitTests", "FirstDevOps.UnitTests\FirstDevOps.UnitTests.csproj", "{B2221340-FAF4-4144-9F87-6DDC4E069377}"
EndProject
Global
	GlobalSection(SolutionConfigurationPlatforms) = preSolution
		Debug|Any CPU = Debug|Any CPU
		Release|Any CPU = Release|Any CPU
	EndGlobalSection
	GlobalSection(SolutionProperties) = preSolution
		HideSolutionNode = FALSE
	EndGlobalSection
	GlobalSection(ProjectConfigurationPlatforms) = postSolution
		{835ED923-EB9F-4113-8AE6-957CC8B935CE}.Debug|Any CPU.ActiveCfg = Debug|Any CPU
		{835ED923-EB9F-4113-8AE6-957CC8B935CE}.Debug|Any CPU.Build.0 = Debug|Any CPU
		{835ED923-EB9F-4113-8AE6-957CC8B935CE}.Release|Any CPU.ActiveCfg = Release|Any CPU
		{835ED923-EB9F-4113-8AE6-957CC8B935CE}.Release|Any CPU.Build.0 = Release|Any CPU
		{B2221340-FAF4-4144-9F87-6DDC4E069377}.Debug|Any CPU.ActiveCfg = Debug|Any CPU
		{B2221340-FAF4-4144-9F87-6DDC4E069377}.Debug|Any CPU.Build.0 = Debug|Any CPU
		{B2221340-FAF4-4144-9F87-6DDC4E069377}.Release|Any CPU.ActiveCfg = Release|Any CPU
		{B2221340-FAF4-4144-9F87-6DDC4E069377}.Release|Any CPU.Build.0 = Release|Any CPU
	EndGlobalSection
EndGlobal
